
Microsoft Visual Studio Solution File, Format Version 12.00
# Visual Studio Version 16
VisualStudioVersion = 16.0.31105.61
MinimumVisualStudioVersion = 10.0.40219.1
Project("{FAE04EC0-301F-11D3-BF4B-00C04F79EFBC}") = "Guitar Hero Player", "Guitar Hero Player\Guitar Hero Player.csproj", "{546943D6-57B8-4A3E-883D-ECAD3847D6F8}"
EndProject
Global
	GlobalSection(SolutionConfigurationPlatforms) = preSolution
		Debug|Any CPU = Debug|Any CPU
		Release|Any CPU = Release|Any CPU
	EndGlobalSection
	GlobalSection(ProjectConfigurationPlatforms) = postSolution
		{546943D6-57B8-4A3E-883D-ECAD3847D6F8}.Debug|Any CPU.ActiveCfg = Debug|Any CPU
		{546943D6-57B8-4A3E-883D-ECAD3847D6F8}.Debug|Any CPU.Build.0 = Debug|Any CPU
		{546943D6-57B8-4A3E-883D-ECAD3847D6F8}.Release|Any CPU.ActiveCfg = Release|Any CPU
		{546943D6-57B8-4A3E-883D-ECAD3847D6F8}.Release|Any CPU.Build.0 = Release|Any CPU
	EndGlobalSection
	GlobalSection(SolutionProperties) = preSolution
		HideSolutionNode = FALSE
	EndGlobalSection
	GlobalSection(ExtensibilityGlobals) = postSolution
		SolutionGuid = {988FDF7F-7296-4F99-9676-13EFB5003197}
	EndGlobalSection
EndGlobal
